
Microsoft Visual Studio Solution File, Format Version 12.00
# Visual Studio Version 17
VisualStudioVersion = 17.8.34330.188
MinimumVisualStudioVersion = 10.0.40219.1
Project("{2150E333-8FDC-42A3-9474-1A3956D46DE8}") = "Services", "Services", "{3841DF14-E863-42D4-AB95-50FB7C2E0613}"
EndProject
Project("{2150E333-8FDC-42A3-9474-1A3956D46DE8}") = "Catalog", "Catalog", "{3E6C5EFF-3CB9-45AB-81F4-7E3BEBC07E00}"
EndProject
Project("{9A19103F-16F7-4668-BE54-9A1E7A4F7556}") = "Catalog.API", "Services\Catalog\Catalog.API\Catalog.API.csproj", "{95961D7D-6E3B-45D3-AB34-80D2D763D732}"
EndProject
Project("{E53339B2-1760-4266-BCC7-CA923CBCF16C}") = "docker-compose", "docker-compose.dcproj", "{BAD5927E-FE7B-4DFD-BF5B-70580A3EC66E}"
EndProject
Project("{2150E333-8FDC-42A3-9474-1A3956D46DE8}") = "Basket", "Basket", "{E5086622-70D0-498C-A6C3-F827C05C7ACC}"
EndProject
Project("{9A19103F-16F7-4668-BE54-9A1E7A4F7556}") = "Basket.API", "Services\Basket\Basket.API\Basket.API.csproj", "{A75C84F8-8AB4-4E69-B00A-7A0EECFD36F5}"
EndProject
Project("{2150E333-8FDC-42A3-9474-1A3956D46DE8}") = "Discount", "Discount", "{FEDC12CD-B305-4227-9073-D1FFB4FCFF5E}"
EndProject
Project("{9A19103F-16F7-4668-BE54-9A1E7A4F7556}") = "Discount.API", "Services\Discount\Discount.API\Discount.API.csproj", "{766F120D-2ECB-490F-A466-13A01E4FDB51}"
EndProject
Project("{9A19103F-16F7-4668-BE54-9A1E7A4F7556}") = "Discount.Grpc", "Services\Discount\Discount.Grpc\Discount.Grpc.csproj", "{A9478A9B-1B3F-4081-AFA0-0678933F9FEA}"
EndProject
Project("{2150E333-8FDC-42A3-9474-1A3956D46DE8}") = "Ordering", "Ordering", "{65E27E6E-9EE1-4286-AF83-061196103E74}"
EndProject
Project("{9A19103F-16F7-4668-BE54-9A1E7A4F7556}") = "Ordering.API", "Services\Ordering\Ordering.API\Ordering.API.csproj", "{48860953-45EA-4C23-A55D-5C4086D951BB}"
EndProject
Project("{9A19103F-16F7-4668-BE54-9A1E7A4F7556}") = "Ordering.Domain", "Services\Ordering\Ordering.Domain\Ordering.Domain.csproj", "{D7666082-137C-4C36-9237-903CA895CCD5}"
EndProject
Project("{9A19103F-16F7-4668-BE54-9A1E7A4F7556}") = "Ordering.Application", "Services\Ordering\Ordering.Application\Ordering.Application.csproj", "{9DDBCBDD-563C-4E47-8FB2-D385816119B9}"
EndProject
Project("{9A19103F-16F7-4668-BE54-9A1E7A4F7556}") = "Ordering.Infrastructure", "Services\Ordering\Ordering.Infrastructure\Ordering.Infrastructure.csproj", "{63AB0625-AB9A-44FB-BF8C-AB216F5F0DF2}"
EndProject
Project("{2150E333-8FDC-42A3-9474-1A3956D46DE8}") = "BuildingBlocks", "BuildingBlocks", "{82EDCAF2-3382-44A2-B997-DF62F9D0308A}"
EndProject
Project("{FAE04EC0-301F-11D3-BF4B-00C04F79EFBC}") = "EventBus.Messages", "BuildingBlocks\EventBus.Messages\EventBus.Messages.csproj", "{29BDC133-D8E1-4DAE-84E4-9F7396933C83}"
EndProject
Global
	GlobalSection(SolutionConfigurationPlatforms) = preSolution
		Debug|Any CPU = Debug|Any CPU
		Release|Any CPU = Release|Any CPU
	EndGlobalSection
	GlobalSection(ProjectConfigurationPlatforms) = postSolution
		{95961D7D-6E3B-45D3-AB34-80D2D763D732}.Debug|Any CPU.ActiveCfg = Debug|Any CPU
		{95961D7D-6E3B-45D3-AB34-80D2D763D732}.Debug|Any CPU.Build.0 = Debug|Any CPU
		{95961D7D-6E3B-45D3-AB34-80D2D763D732}.Release|Any CPU.ActiveCfg = Release|Any CPU
		{95961D7D-6E3B-45D3-AB34-80D2D763D732}.Release|Any CPU.Build.0 = Release|Any CPU
		{BAD5927E-FE7B-4DFD-BF5B-70580A3EC66E}.Debug|Any CPU.ActiveCfg = Debug|Any CPU
		{BAD5927E-FE7B-4DFD-BF5B-70580A3EC66E}.Debug|Any CPU.Build.0 = Debug|Any CPU
		{BAD5927E-FE7B-4DFD-BF5B-70580A3EC66E}.Release|Any CPU.ActiveCfg = Release|Any CPU
		{BAD5927E-FE7B-4DFD-BF5B-70580A3EC66E}.Release|Any CPU.Build.0 = Release|Any CPU
		{A75C84F8-8AB4-4E69-B00A-7A0EECFD36F5}.Debug|Any CPU.ActiveCfg = Debug|Any CPU
		{A75C84F8-8AB4-4E69-B00A-7A0EECFD36F5}.Debug|Any CPU.Build.0 = Debug|Any CPU
		{A75C84F8-8AB4-4E69-B00A-7A0EECFD36F5}.Release|Any CPU.ActiveCfg = Release|Any CPU
		{A75C84F8-8AB4-4E69-B00A-7A0EECFD36F5}.Release|Any CPU.Build.0 = Release|Any CPU
		{766F120D-2ECB-490F-A466-13A01E4FDB51}.Debug|Any CPU.ActiveCfg = Debug|Any CPU
		{766F120D-2ECB-490F-A466-13A01E4FDB51}.Debug|Any CPU.Build.0 = Debug|Any CPU
		{766F120D-2ECB-490F-A466-13A01E4FDB51}.Release|Any CPU.ActiveCfg = Release|Any CPU
		{766F120D-2ECB-490F-A466-13A01E4FDB51}.Release|Any CPU.Build.0 = Release|Any CPU
		{A9478A9B-1B3F-4081-AFA0-0678933F9FEA}.Debug|Any CPU.ActiveCfg = Debug|Any CPU
		{A9478A9B-1B3F-4081-AFA0-0678933F9FEA}.Debug|Any CPU.Build.0 = Debug|Any CPU
		{A9478A9B-1B3F-4081-AFA0-0678933F9FEA}.Release|Any CPU.ActiveCfg = Release|Any CPU
		{A9478A9B-1B3F-4081-AFA0-0678933F9FEA}.Release|Any CPU.Build.0 = Release|Any CPU
		{48860953-45EA-4C23-A55D-5C4086D951BB}.Debug|Any CPU.ActiveCfg = Debug|Any CPU
		{48860953-45EA-4C23-A55D-5C4086D951BB}.Debug|Any CPU.Build.0 = Debug|Any CPU
		{48860953-45EA-4C23-A55D-5C4086D951BB}.Release|Any CPU.ActiveCfg = Release|Any CPU
		{48860953-45EA-4C23-A55D-5C4086D951BB}.Release|Any CPU.Build.0 = Release|Any CPU
		{D7666082-137C-4C36-9237-903CA895CCD5}.Debug|Any CPU.ActiveCfg = Debug|Any CPU
		{D7666082-137C-4C36-9237-903CA895CCD5}.Debug|Any CPU.Build.0 = Debug|Any CPU
		{D7666082-137C-4C36-9237-903CA895CCD5}.Release|Any CPU.ActiveCfg = Release|Any CPU
		{D7666082-137C-4C36-9237-903CA895CCD5}.Release|Any CPU.Build.0 = Release|Any CPU
		{9DDBCBDD-563C-4E47-8FB2-D385816119B9}.Debug|Any CPU.ActiveCfg = Debug|Any CPU
		{9DDBCBDD-563C-4E47-8FB2-D385816119B9}.Debug|Any CPU.Build.0 = Debug|Any CPU
		{9DDBCBDD-563C-4E47-8FB2-D385816119B9}.Release|Any CPU.ActiveCfg = Release|Any CPU
		{9DDBCBDD-563C-4E47-8FB2-D385816119B9}.Release|Any CPU.Build.0 = Release|Any CPU
		{63AB0625-AB9A-44FB-BF8C-AB216F5F0DF2}.Debug|Any CPU.ActiveCfg = Debug|Any CPU
		{63AB0625-AB9A-44FB-BF8C-AB216F5F0DF2}.Debug|Any CPU.Build.0 = Debug|Any CPU
		{63AB0625-AB9A-44FB-BF8C-AB216F5F0DF2}.Release|Any CPU.ActiveCfg = Release|Any CPU
		{63AB0625-AB9A-44FB-BF8C-AB216F5F0DF2}.Release|Any CPU.Build.0 = Release|Any CPU
		{29BDC133-D8E1-4DAE-84E4-9F7396933C83}.Debug|Any CPU.ActiveCfg = Debug|Any CPU
		{29BDC133-D8E1-4DAE-84E4-9F7396933C83}.Debug|Any CPU.Build.0 = Debug|Any CPU
		{29BDC133-D8E1-4DAE-84E4-9F7396933C83}.Release|Any CPU.ActiveCfg = Release|Any CPU
		{29BDC133-D8E1-4DAE-84E4-9F7396933C83}.Release|Any CPU.Build.0 = Release|Any CPU
	EndGlobalSection
	GlobalSection(SolutionProperties) = preSolution
		HideSolutionNode = FALSE
	EndGlobalSection
	GlobalSection(NestedProjects) = preSolution
		{3E6C5EFF-3CB9-45AB-81F4-7E3BEBC07E00} = {3841DF14-E863-42D4-AB95-50FB7C2E0613}
		{95961D7D-6E3B-45D3-AB34-80D2D763D732} = {3E6C5EFF-3CB9-45AB-81F4-7E3BEBC07E00}
		{E5086622-70D0-498C-A6C3-F827C05C7ACC} = {3841DF14-E863-42D4-AB95-50FB7C2E0613}
		{A75C84F8-8AB4-4E69-B00A-7A0EECFD36F5} = {E5086622-70D0-498C-A6C3-F827C05C7ACC}
		{FEDC12CD-B305-4227-9073-D1FFB4FCFF5E} = {3841DF14-E863-42D4-AB95-50FB7C2E0613}
		{766F120D-2ECB-490F-A466-13A01E4FDB51} = {FEDC12CD-B305-4227-9073-D1FFB4FCFF5E}
		{A9478A9B-1B3F-4081-AFA0-0678933F9FEA} = {FEDC12CD-B305-4227-9073-D1FFB4FCFF5E}
		{65E27E6E-9EE1-4286-AF83-061196103E74} = {3841DF14-E863-42D4-AB95-50FB7C2E0613}
		{48860953-45EA-4C23-A55D-5C4086D951BB} = {65E27E6E-9EE1-4286-AF83-061196103E74}
		{D7666082-137C-4C36-9237-903CA895CCD5} = {65E27E6E-9EE1-4286-AF83-061196103E74}
		{9DDBCBDD-563C-4E47-8FB2-D385816119B9} = {65E27E6E-9EE1-4286-AF83-061196103E74}
		{63AB0625-AB9A-44FB-BF8C-AB216F5F0DF2} = {65E27E6E-9EE1-4286-AF83-061196103E74}
		{29BDC133-D8E1-4DAE-84E4-9F7396933C83} = {82EDCAF2-3382-44A2-B997-DF62F9D0308A}
	EndGlobalSection
	GlobalSection(ExtensibilityGlobals) = postSolution
		SolutionGuid = {8A5D6A52-3123-4880-8A3F-E70AF6C70111}
	EndGlobalSection
EndGlobal
